
Microsoft Visual Studio Solution File, Format Version 12.00
# Visual Studio Version 17
VisualStudioVersion = 17.10.34916.146
MinimumVisualStudioVersion = 10.0.40219.1
Project("{FAE04EC0-301F-11D3-BF4B-00C04F79EFBC}") = "internPlatform.Web", "internPlatform.Web\internPlatform.Web.csproj", "{84B10678-4992-4ACB-B6E9-E61C9136AD8F}"
EndProject
Project("{FAE04EC0-301F-11D3-BF4B-00C04F79EFBC}") = "internPlatform.Application", "internPlatform.Application\internPlatform.Application.csproj", "{7F567859-D73F-4F5A-9FAF-0BEEE399616B}"
EndProject
Project("{FAE04EC0-301F-11D3-BF4B-00C04F79EFBC}") = "internPlatform.Domain", "internPlatform.Domain\internPlatform.Domain.csproj", "{5B597970-03BC-4420-B293-4DCF651017DE}"
EndProject
Project("{FAE04EC0-301F-11D3-BF4B-00C04F79EFBC}") = "internPlatform.Infrastructure", "internPlatform.Infrastructure\internPlatform.Infrastructure.csproj", "{BE1D3035-3DF2-4207-B151-B26CE1272E18}"
EndProject
Global
	GlobalSection(SolutionConfigurationPlatforms) = preSolution
		Debug|Any CPU = Debug|Any CPU
		Release|Any CPU = Release|Any CPU
	EndGlobalSection
	GlobalSection(ProjectConfigurationPlatforms) = postSolution
		{84B10678-4992-4ACB-B6E9-E61C9136AD8F}.Debug|Any CPU.ActiveCfg = Debug|Any CPU
		{84B10678-4992-4ACB-B6E9-E61C9136AD8F}.Debug|Any CPU.Build.0 = Debug|Any CPU
		{84B10678-4992-4ACB-B6E9-E61C9136AD8F}.Release|Any CPU.ActiveCfg = Release|Any CPU
		{84B10678-4992-4ACB-B6E9-E61C9136AD8F}.Release|Any CPU.Build.0 = Release|Any CPU
		{7F567859-D73F-4F5A-9FAF-0BEEE399616B}.Debug|Any CPU.ActiveCfg = Debug|Any CPU
		{7F567859-D73F-4F5A-9FAF-0BEEE399616B}.Debug|Any CPU.Build.0 = Debug|Any CPU
		{7F567859-D73F-4F5A-9FAF-0BEEE399616B}.Release|Any CPU.ActiveCfg = Release|Any CPU
		{7F567859-D73F-4F5A-9FAF-0BEEE399616B}.Release|Any CPU.Build.0 = Release|Any CPU
		{5B597970-03BC-4420-B293-4DCF651017DE}.Debug|Any CPU.ActiveCfg = Debug|Any CPU
		{5B597970-03BC-4420-B293-4DCF651017DE}.Debug|Any CPU.Build.0 = Debug|Any CPU
		{5B597970-03BC-4420-B293-4DCF651017DE}.Release|Any CPU.ActiveCfg = Release|Any CPU
		{5B597970-03BC-4420-B293-4DCF651017DE}.Release|Any CPU.Build.0 = Release|Any CPU
		{BE1D3035-3DF2-4207-B151-B26CE1272E18}.Debug|Any CPU.ActiveCfg = Debug|Any CPU
		{BE1D3035-3DF2-4207-B151-B26CE1272E18}.Debug|Any CPU.Build.0 = Debug|Any CPU
		{BE1D3035-3DF2-4207-B151-B26CE1272E18}.Release|Any CPU.ActiveCfg = Release|Any CPU
		{BE1D3035-3DF2-4207-B151-B26CE1272E18}.Release|Any CPU.Build.0 = Release|Any CPU
	EndGlobalSection
	GlobalSection(SolutionProperties) = preSolution
		HideSolutionNode = FALSE
	EndGlobalSection
	GlobalSection(ExtensibilityGlobals) = postSolution
		SolutionGuid = {A7C049C4-B029-40EA-B98A-8F9407557EC2}
	EndGlobalSection
EndGlobal
